{
  "pins" : [
    {
      "identity" : "swiftui-introspect",
      "kind" : "remoteSourceControl",
      "location" : "https://github.com/siteline/SwiftUI-Introspect",
      "state" : {
        "revision" : "3ced72fccb284235c266c1e8a32f1bf93129fc74",
        "version" : "1.1.0"
      }
    },
    {
      "identity" : "swiftuix",
      "kind" : "remoteSourceControl",
      "location" : "https://github.com/SwiftUIX/SwiftUIX",
      "state" : {
        "revision" : "5d472e5797d377af3d65c711af60277c7a753663",
        "version" : "0.1.7"
      }
    }
  ],
  "version" : 2
}
